<?xml version="1.0" encoding="utf-8"?>
<Project ToolsVersion="4.0" xmlns="http://schemas.microsoft.com/developer/msbuild/2003">
  <ItemGroup>
    <Filter Include="Source Files">
      <UniqueIdentifier>{fd0d2c94-a0ef-4736-a023-02eb4636e34d}</UniqueIdentifier>
      <Extensions>cpp;c;cxx;rc;def;r;odl;idl;hpj;bat</Extensions>
    </Filter>
    <Filter Include="Header Files">
      <UniqueIdentifier>{bbe45457-885e-47b8-8b5a-724d0e3e5116}</UniqueIdentifier>
      <Extensions>h;hpp;hxx;hm;inl</Extensions>
    </Filter>
    <Filter Include="Contrib">
      <UniqueIdentifier>{473075f4-3e78-4ea1-a3d9-c9c2e47813ac}</UniqueIdentifier>
    </Filter>
    <Filter Include="Contrib\OpenEXR">
      <UniqueIdentifier>{9854c3bc-a886-4688-91c2-12fba504d233}</UniqueIdentifier>
      <Extensions>cpp;c;cxx;h;hpp;hxx;inl</Extensions>
    </Filter>
    <Filter Include="Contrib\gif_load">
      <UniqueIdentifier>{e121271c-5ec1-43c8-9cac-4bb98762fc07}</UniqueIdentifier>
    </Filter>
  </ItemGroup>
  <ItemGroup>
    <Text Include="..\Readme.txt" />
  </ItemGroup>
  <ItemGroup>
    <ClInclude Include="..\Inc\Image\tCubemap.h">
      <Filter>Header Files</Filter>
    </ClInclude>
    <ClInclude Include="..\Inc\Image\tLayer.h">
      <Filter>Header Files</Filter>
    </ClInclude>
    <ClInclude Include="..\Inc\Image\tPicture.h">
      <Filter>Header Files</Filter>
    </ClInclude>
    <ClInclude Include="..\Inc\Image\tPixelFormat.h">
      <Filter>Header Files</Filter>
    </ClInclude>
    <ClInclude Include="..\Inc\Image\tTexture.h">
      <Filter>Header Files</Filter>
    </ClInclude>
    <ClInclude Include="..\Inc\Image\tImageDDS.h">
      <Filter>Header Files</Filter>
    </ClInclude>
    <ClInclude Include="..\Inc\Image\tImageHDR.h">
      <Filter>Header Files</Filter>
    </ClInclude>
    <ClInclude Include="..\Inc\Image\tImageTGA.h">
      <Filter>Header Files</Filter>
    </ClInclude>
    <ClInclude Include="..\Inc\Image\tImageEXR.h">
      <Filter>Header Files</Filter>
    </ClInclude>
    <ClInclude Include="..\..\..\Contrib\OpenEXR\loadImage.h">
      <Filter>Contrib\OpenEXR</Filter>
    </ClInclude>
    <ClInclude Include="..\..\..\Contrib\OpenEXR\IlmImf\ImfHeader.h">
      <Filter>Contrib\OpenEXR</Filter>
    </ClInclude>
    <ClInclude Include="..\..\..\Contrib\OpenEXR\IlmImf\ImfAttribute.h">
      <Filter>Contrib\OpenEXR</Filter>
    </ClInclude>
    <ClInclude Include="..\..\..\Contrib\OpenEXR\IlmBase\IlmThread\IlmThread.h">
      <Filter>Contrib\OpenEXR</Filter>
    </ClInclude>
    <ClInclude Include="..\..\..\Contrib\OpenEXR\IlmBase\IlmThread\IlmThreadExport.h">
      <Filter>Contrib\OpenEXR</Filter>
    </ClInclude>
    <ClInclude Include="..\..\..\Contrib\OpenEXR\IlmBase\IlmThread\IlmThreadForward.h">
      <Filter>Contrib\OpenEXR</Filter>
    </ClInclude>
    <ClInclude Include="..\..\..\Contrib\OpenEXR\IlmBase\IlmThread\IlmThreadMutex.h">
      <Filter>Contrib\OpenEXR</Filter>
    </ClInclude>
    <ClInclude Include="..\..\..\Contrib\OpenEXR\IlmBase\IlmThread\IlmThreadNamespace.h">
      <Filter>Contrib\OpenEXR</Filter>
    </ClInclude>
    <ClInclude Include="..\..\..\Contrib\OpenEXR\IlmBase\IlmThread\IlmThreadPool.h">
      <Filter>Contrib\OpenEXR</Filter>
    </ClInclude>
    <ClInclude Include="..\..\..\Contrib\OpenEXR\IlmBase\IlmThread\IlmThreadSemaphore.h">
      <Filter>Contrib\OpenEXR</Filter>
    </ClInclude>
    <ClInclude Include="..\..\..\Contrib\OpenEXR\IlmImf\ImfAcesFile.h">
      <Filter>Contrib\OpenEXR</Filter>
    </ClInclude>
    <ClInclude Include="..\..\..\Contrib\OpenEXR\IlmImf\ImfArray.h">
      <Filter>Contrib\OpenEXR</Filter>
    </ClInclude>
    <ClInclude Include="..\..\..\Contrib\OpenEXR\IlmImf\ImfAutoArray.h">
      <Filter>Contrib\OpenEXR</Filter>
    </ClInclude>
    <ClInclude Include="..\..\..\Contrib\OpenEXR\IlmImf\ImfB44Compressor.h">
      <Filter>Contrib\OpenEXR</Filter>
    </ClInclude>
    <ClInclude Include="..\..\..\Contrib\OpenEXR\IlmImf\ImfBoxAttribute.h">
      <Filter>Contrib\OpenEXR</Filter>
    </ClInclude>
    <ClInclude Include="..\..\..\Contrib\OpenEXR\IlmImf\ImfChannelList.h">
      <Filter>Contrib\OpenEXR</Filter>
    </ClInclude>
    <ClInclude Include="..\..\..\Contrib\OpenEXR\IlmImf\ImfChannelListAttribute.h">
      <Filter>Contrib\OpenEXR</Filter>
    </ClInclude>
    <ClInclude Include="..\..\..\Contrib\OpenEXR\IlmImf\ImfCheckedArithmetic.h">
      <Filter>Contrib\OpenEXR</Filter>
    </ClInclude>
    <ClInclude Include="..\..\..\Contrib\OpenEXR\IlmImf\ImfChromaticities.h">
      <Filter>Contrib\OpenEXR</Filter>
    </ClInclude>
    <ClInclude Include="..\..\..\Contrib\OpenEXR\IlmImf\ImfChromaticitiesAttribute.h">
      <Filter>Contrib\OpenEXR</Filter>
    </ClInclude>
    <ClInclude Include="..\..\..\Contrib\OpenEXR\IlmImf\ImfCompositeDeepScanLine.h">
      <Filter>Contrib\OpenEXR</Filter>
    </ClInclude>
    <ClInclude Include="..\..\..\Contrib\OpenEXR\IlmImf\ImfCompression.h">
      <Filter>Contrib\OpenEXR</Filter>
    </ClInclude>
    <ClInclude Include="..\..\..\Contrib\OpenEXR\IlmImf\ImfCompressionAttribute.h">
      <Filter>Contrib\OpenEXR</Filter>
    </ClInclude>
    <ClInclude Include="..\..\..\Contrib\OpenEXR\IlmImf\ImfCompressor.h">
      <Filter>Contrib\OpenEXR</Filter>
    </ClInclude>
    <ClInclude Include="..\..\..\Contrib\OpenEXR\IlmImf\ImfConvert.h">
      <Filter>Contrib\OpenEXR</Filter>
    </ClInclude>
    <ClInclude Include="..\..\..\Contrib\OpenEXR\IlmImf\ImfCRgbaFile.h">
      <Filter>Contrib\OpenEXR</Filter>
    </ClInclude>
    <ClInclude Include="..\..\..\Contrib\OpenEXR\IlmImf\ImfDeepCompositing.h">
      <Filter>Contrib\OpenEXR</Filter>
    </ClInclude>
    <ClInclude Include="..\..\..\Contrib\OpenEXR\IlmImf\ImfDeepFrameBuffer.h">
      <Filter>Contrib\OpenEXR</Filter>
    </ClInclude>
    <ClInclude Include="..\..\..\Contrib\OpenEXR\IlmImf\ImfDeepImageState.h">
      <Filter>Contrib\OpenEXR</Filter>
    </ClInclude>
    <ClInclude Include="..\..\..\Contrib\OpenEXR\IlmImf\ImfDeepImageStateAttribute.h">
      <Filter>Contrib\OpenEXR</Filter>
    </ClInclude>
    <ClInclude Include="..\..\..\Contrib\OpenEXR\IlmImf\ImfDeepScanLineInputFile.h">
      <Filter>Contrib\OpenEXR</Filter>
    </ClInclude>
    <ClInclude Include="..\..\..\Contrib\OpenEXR\IlmImf\ImfDeepScanLineInputPart.h">
      <Filter>Contrib\OpenEXR</Filter>
    </ClInclude>
    <ClInclude Include="..\..\..\Contrib\OpenEXR\IlmImf\ImfDeepScanLineOutputFile.h">
      <Filter>Contrib\OpenEXR</Filter>
    </ClInclude>
    <ClInclude Include="..\..\..\Contrib\OpenEXR\IlmImf\ImfDeepScanLineOutputPart.h">
      <Filter>Contrib\OpenEXR</Filter>
    </ClInclude>
    <ClInclude Include="..\..\..\Contrib\OpenEXR\IlmImf\ImfDeepTiledInputFile.h">
      <Filter>Contrib\OpenEXR</Filter>
    </ClInclude>
    <ClInclude Include="..\..\..\Contrib\OpenEXR\IlmImf\ImfDeepTiledInputPart.h">
      <Filter>Contrib\OpenEXR</Filter>
    </ClInclude>
    <ClInclude Include="..\..\..\Contrib\OpenEXR\IlmImf\ImfDeepTiledOutputFile.h">
      <Filter>Contrib\OpenEXR</Filter>
    </ClInclude>
    <ClInclude Include="..\..\..\Contrib\OpenEXR\IlmImf\ImfDeepTiledOutputPart.h">
      <Filter>Contrib\OpenEXR</Filter>
    </ClInclude>
    <ClInclude Include="..\..\..\Contrib\OpenEXR\IlmImf\ImfDoubleAttribute.h">
      <Filter>Contrib\OpenEXR</Filter>
    </ClInclude>
    <ClInclude Include="..\..\..\Contrib\OpenEXR\IlmImf\ImfDwaCompressor.h">
      <Filter>Contrib\OpenEXR</Filter>
    </ClInclude>
    <ClInclude Include="..\..\..\Contrib\OpenEXR\IlmImf\ImfDwaCompressorSimd.h">
      <Filter>Contrib\OpenEXR</Filter>
    </ClInclude>
    <ClInclude Include="..\..\..\Contrib\OpenEXR\IlmImf\ImfEnvmap.h">
      <Filter>Contrib\OpenEXR</Filter>
    </ClInclude>
    <ClInclude Include="..\..\..\Contrib\OpenEXR\IlmImf\ImfEnvmapAttribute.h">
      <Filter>Contrib\OpenEXR</Filter>
    </ClInclude>
    <ClInclude Include="..\..\..\Contrib\OpenEXR\IlmImf\ImfExport.h">
      <Filter>Contrib\OpenEXR</Filter>
    </ClInclude>
    <ClInclude Include="..\..\..\Contrib\OpenEXR\IlmImf\ImfFastHuf.h">
      <Filter>Contrib\OpenEXR</Filter>
    </ClInclude>
    <ClInclude Include="..\..\..\Contrib\OpenEXR\IlmImf\ImfFloatAttribute.h">
      <Filter>Contrib\OpenEXR</Filter>
    </ClInclude>
    <ClInclude Include="..\..\..\Contrib\OpenEXR\IlmImf\ImfFloatVectorAttribute.h">
      <Filter>Contrib\OpenEXR</Filter>
    </ClInclude>
    <ClInclude Include="..\..\..\Contrib\OpenEXR\IlmImf\ImfForward.h">
      <Filter>Contrib\OpenEXR</Filter>
    </ClInclude>
    <ClInclude Include="..\..\..\Contrib\OpenEXR\IlmImf\ImfFrameBuffer.h">
      <Filter>Contrib\OpenEXR</Filter>
    </ClInclude>
    <ClInclude Include="..\..\..\Contrib\OpenEXR\IlmImf\ImfFramesPerSecond.h">
      <Filter>Contrib\OpenEXR</Filter>
    </ClInclude>
    <ClInclude Include="..\..\..\Contrib\OpenEXR\IlmImf\ImfGenericInputFile.h">
      <Filter>Contrib\OpenEXR</Filter>
    </ClInclude>
    <ClInclude Include="..\..\..\Contrib\OpenEXR\IlmImf\ImfGenericOutputFile.h">
      <Filter>Contrib\OpenEXR</Filter>
    </ClInclude>
    <ClInclude Include="..\..\..\Contrib\OpenEXR\IlmImf\ImfHuf.h">
      <Filter>Contrib\OpenEXR</Filter>
    </ClInclude>
    <ClInclude Include="..\..\..\Contrib\OpenEXR\IlmImf\ImfInputFile.h">
      <Filter>Contrib\OpenEXR</Filter>
    </ClInclude>
    <ClInclude Include="..\..\..\Contrib\OpenEXR\IlmImf\ImfInputPart.h">
      <Filter>Contrib\OpenEXR</Filter>
    </ClInclude>
    <ClInclude Include="..\..\..\Contrib\OpenEXR\IlmImf\ImfInputPartData.h">
      <Filter>Contrib\OpenEXR</Filter>
    </ClInclude>
    <ClInclude Include="..\..\..\Contrib\OpenEXR\IlmImf\ImfInputStreamMutex.h">
      <Filter>Contrib\OpenEXR</Filter>
    </ClInclude>
    <ClInclude Include="..\..\..\Contrib\OpenEXR\IlmImf\ImfInt64.h">
      <Filter>Contrib\OpenEXR</Filter>
    </ClInclude>
    <ClInclude Include="..\..\..\Contrib\OpenEXR\IlmImf\ImfIntAttribute.h">
      <Filter>Contrib\OpenEXR</Filter>
    </ClInclude>
    <ClInclude Include="..\..\..\Contrib\OpenEXR\IlmImf\ImfIO.h">
      <Filter>Contrib\OpenEXR</Filter>
    </ClInclude>
    <ClInclude Include="..\..\..\Contrib\OpenEXR\IlmImf\ImfKeyCode.h">
      <Filter>Contrib\OpenEXR</Filter>
    </ClInclude>
    <ClInclude Include="..\..\..\Contrib\OpenEXR\IlmImf\ImfKeyCodeAttribute.h">
      <Filter>Contrib\OpenEXR</Filter>
    </ClInclude>
    <ClInclude Include="..\..\..\Contrib\OpenEXR\IlmImf\ImfLineOrder.h">
      <Filter>Contrib\OpenEXR</Filter>
    </ClInclude>
    <ClInclude Include="..\..\..\Contrib\OpenEXR\IlmImf\ImfLineOrderAttribute.h">
      <Filter>Contrib\OpenEXR</Filter>
    </ClInclude>
    <ClInclude Include="..\..\..\Contrib\OpenEXR\IlmImf\ImfLut.h">
      <Filter>Contrib\OpenEXR</Filter>
    </ClInclude>
    <ClInclude Include="..\..\..\Contrib\OpenEXR\IlmImf\ImfMatrixAttribute.h">
      <Filter>Contrib\OpenEXR</Filter>
    </ClInclude>
    <ClInclude Include="..\..\..\Contrib\OpenEXR\IlmImf\ImfMisc.h">
      <Filter>Contrib\OpenEXR</Filter>
    </ClInclude>
    <ClInclude Include="..\..\..\Contrib\OpenEXR\IlmImf\ImfMultiPartInputFile.h">
      <Filter>Contrib\OpenEXR</Filter>
    </ClInclude>
    <ClInclude Include="..\..\..\Contrib\OpenEXR\IlmImf\ImfMultiPartOutputFile.h">
      <Filter>Contrib\OpenEXR</Filter>
    </ClInclude>
    <ClInclude Include="..\..\..\Contrib\OpenEXR\IlmImf\ImfMultiView.h">
      <Filter>Contrib\OpenEXR</Filter>
    </ClInclude>
    <ClInclude Include="..\..\..\Contrib\OpenEXR\IlmImf\ImfName.h">
      <Filter>Contrib\OpenEXR</Filter>
    </ClInclude>
    <ClInclude Include="..\..\..\Contrib\OpenEXR\IlmImf\ImfNamespace.h">
      <Filter>Contrib\OpenEXR</Filter>
    </ClInclude>
    <ClInclude Include="..\..\..\Contrib\OpenEXR\IlmImf\ImfOpaqueAttribute.h">
      <Filter>Contrib\OpenEXR</Filter>
    </ClInclude>
    <ClInclude Include="..\..\..\Contrib\OpenEXR\IlmImf\ImfOptimizedPixelReading.h">
      <Filter>Contrib\OpenEXR</Filter>
    </ClInclude>
    <ClInclude Include="..\..\..\Contrib\OpenEXR\IlmImf\ImfOutputFile.h">
      <Filter>Contrib\OpenEXR</Filter>
    </ClInclude>
    <ClInclude Include="..\..\..\Contrib\OpenEXR\IlmImf\ImfOutputPart.h">
      <Filter>Contrib\OpenEXR</Filter>
    </ClInclude>
    <ClInclude Include="..\..\..\Contrib\OpenEXR\IlmImf\ImfOutputPartData.h">
      <Filter>Contrib\OpenEXR</Filter>
    </ClInclude>
    <ClInclude Include="..\..\..\Contrib\OpenEXR\IlmImf\ImfOutputStreamMutex.h">
      <Filter>Contrib\OpenEXR</Filter>
    </ClInclude>
    <ClInclude Include="..\..\..\Contrib\OpenEXR\IlmImf\ImfPartHelper.h">
      <Filter>Contrib\OpenEXR</Filter>
    </ClInclude>
    <ClInclude Include="..\..\..\Contrib\OpenEXR\IlmImf\ImfPartType.h">
      <Filter>Contrib\OpenEXR</Filter>
    </ClInclude>
    <ClInclude Include="..\..\..\Contrib\OpenEXR\IlmImf\ImfPixelType.h">
      <Filter>Contrib\OpenEXR</Filter>
    </ClInclude>
    <ClInclude Include="..\..\..\Contrib\OpenEXR\IlmImf\ImfPizCompressor.h">
      <Filter>Contrib\OpenEXR</Filter>
    </ClInclude>
    <ClInclude Include="..\..\..\Contrib\OpenEXR\IlmImf\ImfPreviewImage.h">
      <Filter>Contrib\OpenEXR</Filter>
    </ClInclude>
    <ClInclude Include="..\..\..\Contrib\OpenEXR\IlmImf\ImfPreviewImageAttribute.h">
      <Filter>Contrib\OpenEXR</Filter>
    </ClInclude>
    <ClInclude Include="..\..\..\Contrib\OpenEXR\IlmImf\ImfPxr24Compressor.h">
      <Filter>Contrib\OpenEXR</Filter>
    </ClInclude>
    <ClInclude Include="..\..\..\Contrib\OpenEXR\IlmImf\ImfRational.h">
      <Filter>Contrib\OpenEXR</Filter>
    </ClInclude>
    <ClInclude Include="..\..\..\Contrib\OpenEXR\IlmImf\ImfRationalAttribute.h">
      <Filter>Contrib\OpenEXR</Filter>
    </ClInclude>
    <ClInclude Include="..\..\..\Contrib\OpenEXR\IlmImf\ImfRgba.h">
      <Filter>Contrib\OpenEXR</Filter>
    </ClInclude>
    <ClInclude Include="..\..\..\Contrib\OpenEXR\IlmImf\ImfRgbaFile.h">
      <Filter>Contrib\OpenEXR</Filter>
    </ClInclude>
    <ClInclude Include="..\..\..\Contrib\OpenEXR\IlmImf\ImfRgbaYca.h">
      <Filter>Contrib\OpenEXR</Filter>
    </ClInclude>
    <ClInclude Include="..\..\..\Contrib\OpenEXR\IlmImf\ImfRle.h">
      <Filter>Contrib\OpenEXR</Filter>
    </ClInclude>
    <ClInclude Include="..\..\..\Contrib\OpenEXR\IlmImf\ImfRleCompressor.h">
      <Filter>Contrib\OpenEXR</Filter>
    </ClInclude>
    <ClInclude Include="..\..\..\Contrib\OpenEXR\IlmImf\ImfScanLineInputFile.h">
      <Filter>Contrib\OpenEXR</Filter>
    </ClInclude>
    <ClInclude Include="..\..\..\Contrib\OpenEXR\IlmImf\ImfSimd.h">
      <Filter>Contrib\OpenEXR</Filter>
    </ClInclude>
    <ClInclude Include="..\..\..\Contrib\OpenEXR\IlmImf\ImfStandardAttributes.h">
      <Filter>Contrib\OpenEXR</Filter>
    </ClInclude>
    <ClInclude Include="..\..\..\Contrib\OpenEXR\IlmImf\ImfStdIO.h">
      <Filter>Contrib\OpenEXR</Filter>
    </ClInclude>
    <ClInclude Include="..\..\..\Contrib\OpenEXR\IlmImf\ImfStringAttribute.h">
      <Filter>Contrib\OpenEXR</Filter>
    </ClInclude>
    <ClInclude Include="..\..\..\Contrib\OpenEXR\IlmImf\ImfStringVectorAttribute.h">
      <Filter>Contrib\OpenEXR</Filter>
    </ClInclude>
    <ClInclude Include="..\..\..\Contrib\OpenEXR\IlmImf\ImfSystemSpecific.h">
      <Filter>Contrib\OpenEXR</Filter>
    </ClInclude>
    <ClInclude Include="..\..\..\Contrib\OpenEXR\IlmImf\ImfTestFile.h">
      <Filter>Contrib\OpenEXR</Filter>
    </ClInclude>
    <ClInclude Include="..\..\..\Contrib\OpenEXR\IlmImf\ImfThreading.h">
      <Filter>Contrib\OpenEXR</Filter>
    </ClInclude>
    <ClInclude Include="..\..\..\Contrib\OpenEXR\IlmImf\ImfTileDescription.h">
      <Filter>Contrib\OpenEXR</Filter>
    </ClInclude>
    <ClInclude Include="..\..\..\Contrib\OpenEXR\IlmImf\ImfTileDescriptionAttribute.h">
      <Filter>Contrib\OpenEXR</Filter>
    </ClInclude>
    <ClInclude Include="..\..\..\Contrib\OpenEXR\IlmImf\ImfTiledInputFile.h">
      <Filter>Contrib\OpenEXR</Filter>
    </ClInclude>
    <ClInclude Include="..\..\..\Contrib\OpenEXR\IlmImf\ImfTiledInputPart.h">
      <Filter>Contrib\OpenEXR</Filter>
    </ClInclude>
    <ClInclude Include="..\..\..\Contrib\OpenEXR\IlmImf\ImfTiledMisc.h">
      <Filter>Contrib\OpenEXR</Filter>
    </ClInclude>
    <ClInclude Include="..\..\..\Contrib\OpenEXR\IlmImf\ImfTiledOutputFile.h">
      <Filter>Contrib\OpenEXR</Filter>
    </ClInclude>
    <ClInclude Include="..\..\..\Contrib\OpenEXR\IlmImf\ImfTiledOutputPart.h">
      <Filter>Contrib\OpenEXR</Filter>
    </ClInclude>
    <ClInclude Include="..\..\..\Contrib\OpenEXR\IlmImf\ImfTiledRgbaFile.h">
      <Filter>Contrib\OpenEXR</Filter>
    </ClInclude>
    <ClInclude Include="..\..\..\Contrib\OpenEXR\IlmImf\ImfTileOffsets.h">
      <Filter>Contrib\OpenEXR</Filter>
    </ClInclude>
    <ClInclude Include="..\..\..\Contrib\OpenEXR\IlmImf\ImfTimeCode.h">
      <Filter>Contrib\OpenEXR</Filter>
    </ClInclude>
    <ClInclude Include="..\..\..\Contrib\OpenEXR\IlmImf\ImfTimeCodeAttribute.h">
      <Filter>Contrib\OpenEXR</Filter>
    </ClInclude>
    <ClInclude Include="..\..\..\Contrib\OpenEXR\IlmImf\ImfVecAttribute.h">
      <Filter>Contrib\OpenEXR</Filter>
    </ClInclude>
    <ClInclude Include="..\..\..\Contrib\OpenEXR\IlmImf\ImfVersion.h">
      <Filter>Contrib\OpenEXR</Filter>
    </ClInclude>
    <ClInclude Include="..\..\..\Contrib\OpenEXR\IlmImf\ImfWav.h">
      <Filter>Contrib\OpenEXR</Filter>
    </ClInclude>
    <ClInclude Include="..\..\..\Contrib\OpenEXR\IlmImf\ImfXdr.h">
      <Filter>Contrib\OpenEXR</Filter>
    </ClInclude>
    <ClInclude Include="..\..\..\Contrib\OpenEXR\IlmImf\ImfZip.h">
      <Filter>Contrib\OpenEXR</Filter>
    </ClInclude>
    <ClInclude Include="..\..\..\Contrib\OpenEXR\IlmImf\ImfZipCompressor.h">
      <Filter>Contrib\OpenEXR</Filter>
    </ClInclude>
    <ClInclude Include="..\..\..\Contrib\OpenEXR\IlmBase\Half\half.h">
      <Filter>Contrib\OpenEXR</Filter>
    </ClInclude>
    <ClInclude Include="..\..\..\Contrib\OpenEXR\IlmBase\Half\halfExport.h">
      <Filter>Contrib\OpenEXR</Filter>
    </ClInclude>
    <ClInclude Include="..\..\..\Contrib\OpenEXR\IlmBase\Half\halfFunction.h">
      <Filter>Contrib\OpenEXR</Filter>
    </ClInclude>
    <ClInclude Include="..\..\..\Contrib\OpenEXR\IlmBase\Half\halfLimits.h">
      <Filter>Contrib\OpenEXR</Filter>
    </ClInclude>
    <ClInclude Include="..\..\..\Contrib\OpenEXR\IlmBase\Iex\Iex.h">
      <Filter>Contrib\OpenEXR</Filter>
    </ClInclude>
    <ClInclude Include="..\..\..\Contrib\OpenEXR\IlmBase\Iex\IexBaseExc.h">
      <Filter>Contrib\OpenEXR</Filter>
    </ClInclude>
    <ClInclude Include="..\..\..\Contrib\OpenEXR\IlmBase\Iex\IexErrnoExc.h">
      <Filter>Contrib\OpenEXR</Filter>
    </ClInclude>
    <ClInclude Include="..\..\..\Contrib\OpenEXR\IlmBase\Iex\IexExport.h">
      <Filter>Contrib\OpenEXR</Filter>
    </ClInclude>
    <ClInclude Include="..\..\..\Contrib\OpenEXR\IlmBase\Iex\IexForward.h">
      <Filter>Contrib\OpenEXR</Filter>
    </ClInclude>
    <ClInclude Include="..\..\..\Contrib\OpenEXR\IlmBase\Iex\IexMacros.h">
      <Filter>Contrib\OpenEXR</Filter>
    </ClInclude>
    <ClInclude Include="..\..\..\Contrib\OpenEXR\IlmBase\Iex\IexMathExc.h">
      <Filter>Contrib\OpenEXR</Filter>
    </ClInclude>
    <ClInclude Include="..\..\..\Contrib\OpenEXR\IlmBase\Iex\IexNamespace.h">
      <Filter>Contrib\OpenEXR</Filter>
    </ClInclude>
    <ClInclude Include="..\..\..\Contrib\OpenEXR\IlmBase\Iex\IexThrowErrnoExc.h">
      <Filter>Contrib\OpenEXR</Filter>
    </ClInclude>
    <ClInclude Include="..\..\..\Contrib\OpenEXR\IlmBase\Imath\ImathBox.h">
      <Filter>Contrib\OpenEXR</Filter>
    </ClInclude>
    <ClInclude Include="..\..\..\Contrib\OpenEXR\IlmBase\Imath\ImathBoxAlgo.h">
      <Filter>Contrib\OpenEXR</Filter>
    </ClInclude>
    <ClInclude Include="..\..\..\Contrib\OpenEXR\IlmBase\Imath\ImathColor.h">
      <Filter>Contrib\OpenEXR</Filter>
    </ClInclude>
    <ClInclude Include="..\..\..\Contrib\OpenEXR\IlmBase\Imath\ImathColorAlgo.h">
      <Filter>Contrib\OpenEXR</Filter>
    </ClInclude>
    <ClInclude Include="..\..\..\Contrib\OpenEXR\IlmBase\Imath\ImathEuler.h">
      <Filter>Contrib\OpenEXR</Filter>
    </ClInclude>
    <ClInclude Include="..\..\..\Contrib\OpenEXR\IlmBase\Imath\ImathExc.h">
      <Filter>Contrib\OpenEXR</Filter>
    </ClInclude>
    <ClInclude Include="..\..\..\Contrib\OpenEXR\IlmBase\Imath\ImathExport.h">
      <Filter>Contrib\OpenEXR</Filter>
    </ClInclude>
    <ClInclude Include="..\..\..\Contrib\OpenEXR\IlmBase\Imath\ImathForward.h">
      <Filter>Contrib\OpenEXR</Filter>
    </ClInclude>
    <ClInclude Include="..\..\..\Contrib\OpenEXR\IlmBase\Imath\ImathFrame.h">
      <Filter>Contrib\OpenEXR</Filter>
    </ClInclude>
    <ClInclude Include="..\..\..\Contrib\OpenEXR\IlmBase\Imath\ImathFrustum.h">
      <Filter>Contrib\OpenEXR</Filter>
    </ClInclude>
    <ClInclude Include="..\..\..\Contrib\OpenEXR\IlmBase\Imath\ImathFrustumTest.h">
      <Filter>Contrib\OpenEXR</Filter>
    </ClInclude>
    <ClInclude Include="..\..\..\Contrib\OpenEXR\IlmBase\Imath\ImathFun.h">
      <Filter>Contrib\OpenEXR</Filter>
    </ClInclude>
    <ClInclude Include="..\..\..\Contrib\OpenEXR\IlmBase\Imath\ImathGL.h">
      <Filter>Contrib\OpenEXR</Filter>
    </ClInclude>
    <ClInclude Include="..\..\..\Contrib\OpenEXR\IlmBase\Imath\ImathGLU.h">
      <Filter>Contrib\OpenEXR</Filter>
    </ClInclude>
    <ClInclude Include="..\..\..\Contrib\OpenEXR\IlmBase\Imath\ImathHalfLimits.h">
      <Filter>Contrib\OpenEXR</Filter>
    </ClInclude>
    <ClInclude Include="..\..\..\Contrib\OpenEXR\IlmBase\Imath\ImathInt64.h">
      <Filter>Contrib\OpenEXR</Filter>
    </ClInclude>
    <ClInclude Include="..\..\..\Contrib\OpenEXR\IlmBase\Imath\ImathInterval.h">
      <Filter>Contrib\OpenEXR</Filter>
    </ClInclude>
    <ClInclude Include="..\..\..\Contrib\OpenEXR\IlmBase\Imath\ImathLimits.h">
      <Filter>Contrib\OpenEXR</Filter>
    </ClInclude>
    <ClInclude Include="..\..\..\Contrib\OpenEXR\IlmBase\Imath\ImathLine.h">
      <Filter>Contrib\OpenEXR</Filter>
    </ClInclude>
    <ClInclude Include="..\..\..\Contrib\OpenEXR\IlmBase\Imath\ImathLineAlgo.h">
      <Filter>Contrib\OpenEXR</Filter>
    </ClInclude>
    <ClInclude Include="..\..\..\Contrib\OpenEXR\IlmBase\Imath\ImathMath.h">
      <Filter>Contrib\OpenEXR</Filter>
    </ClInclude>
    <ClInclude Include="..\..\..\Contrib\OpenEXR\IlmBase\Imath\ImathMatrix.h">
      <Filter>Contrib\OpenEXR</Filter>
    </ClInclude>
    <ClInclude Include="..\..\..\Contrib\OpenEXR\IlmBase\Imath\ImathMatrixAlgo.h">
      <Filter>Contrib\OpenEXR</Filter>
    </ClInclude>
    <ClInclude Include="..\..\..\Contrib\OpenEXR\IlmBase\Imath\ImathNamespace.h">
      <Filter>Contrib\OpenEXR</Filter>
    </ClInclude>
    <ClInclude Include="..\..\..\Contrib\OpenEXR\IlmBase\Imath\ImathPlane.h">
      <Filter>Contrib\OpenEXR</Filter>
    </ClInclude>
    <ClInclude Include="..\..\..\Contrib\OpenEXR\IlmBase\Imath\ImathPlatform.h">
      <Filter>Contrib\OpenEXR</Filter>
    </ClInclude>
    <ClInclude Include="..\..\..\Contrib\OpenEXR\IlmBase\Imath\ImathQuat.h">
      <Filter>Contrib\OpenEXR</Filter>
    </ClInclude>
    <ClInclude Include="..\..\..\Contrib\OpenEXR\IlmBase\Imath\ImathRandom.h">
      <Filter>Contrib\OpenEXR</Filter>
    </ClInclude>
    <ClInclude Include="..\..\..\Contrib\OpenEXR\IlmBase\Imath\ImathRoots.h">
      <Filter>Contrib\OpenEXR</Filter>
    </ClInclude>
    <ClInclude Include="..\..\..\Contrib\OpenEXR\IlmBase\Imath\ImathShear.h">
      <Filter>Contrib\OpenEXR</Filter>
    </ClInclude>
    <ClInclude Include="..\..\..\Contrib\OpenEXR\IlmBase\Imath\ImathSphere.h">
      <Filter>Contrib\OpenEXR</Filter>
    </ClInclude>
    <ClInclude Include="..\..\..\Contrib\OpenEXR\IlmBase\Imath\ImathVec.h">
      <Filter>Contrib\OpenEXR</Filter>
    </ClInclude>
    <ClInclude Include="..\..\..\Contrib\OpenEXR\IlmBase\Imath\ImathVecAlgo.h">
      <Filter>Contrib\OpenEXR</Filter>
    </ClInclude>
    <ClInclude Include="..\Inc\Image\tImageGIF.h">
      <Filter>Header Files</Filter>
    </ClInclude>
    <ClInclude Include="..\..\..\Contrib\gif_load\gif_load.h">
      <Filter>Contrib\gif_load</Filter>
    </ClInclude>
  </ItemGroup>
  <ItemGroup>
    <ClCompile Include="..\Src\tCubemap.cpp">
      <Filter>Source Files</Filter>
    </ClCompile>
    <ClCompile Include="..\Src\tLayer.cpp">
      <Filter>Source Files</Filter>
    </ClCompile>
    <ClCompile Include="..\Src\tPicture.cpp">
      <Filter>Source Files</Filter>
    </ClCompile>
    <ClCompile Include="..\Src\tTexture.cpp">
      <Filter>Source Files</Filter>
    </ClCompile>
    <ClCompile Include="..\Src\tPixelFormat.cpp">
      <Filter>Source Files</Filter>
    </ClCompile>
    <ClCompile Include="..\Src\tImageDDS.cpp">
      <Filter>Source Files</Filter>
    </ClCompile>
    <ClCompile Include="..\Src\tImageHDR.cpp">
      <Filter>Source Files</Filter>
    </ClCompile>
    <ClCompile Include="..\Src\tImageTGA.cpp">
      <Filter>Source Files</Filter>
    </ClCompile>
    <ClCompile Include="..\Src\tImageEXR.cpp">
      <Filter>Source Files</Filter>
    </ClCompile>
    <ClCompile Include="..\..\..\Contrib\OpenEXR\loadImage.cpp">
      <Filter>Contrib\OpenEXR</Filter>
    </ClCompile>
    <ClCompile Include="..\..\..\Contrib\OpenEXR\IlmImf\ImfHeader.cpp">
      <Filter>Contrib\OpenEXR</Filter>
    </ClCompile>
    <ClCompile Include="..\..\..\Contrib\OpenEXR\IlmImf\ImfAttribute.cpp">
      <Filter>Contrib\OpenEXR</Filter>
    </ClCompile>
    <ClCompile Include="..\..\..\Contrib\OpenEXR\IlmBase\IlmThread\IlmThread.cpp">
      <Filter>Contrib\OpenEXR</Filter>
    </ClCompile>
    <ClCompile Include="..\..\..\Contrib\OpenEXR\IlmBase\IlmThread\IlmThreadMutex.cpp">
      <Filter>Contrib\OpenEXR</Filter>
    </ClCompile>
    <ClCompile Include="..\..\..\Contrib\OpenEXR\IlmBase\IlmThread\IlmThreadMutexPosix.cpp">
      <Filter>Contrib\OpenEXR</Filter>
    </ClCompile>
    <ClCompile Include="..\..\..\Contrib\OpenEXR\IlmBase\IlmThread\IlmThreadMutexWin32.cpp">
      <Filter>Contrib\OpenEXR</Filter>
    </ClCompile>
    <ClCompile Include="..\..\..\Contrib\OpenEXR\IlmBase\IlmThread\IlmThreadPool.cpp">
      <Filter>Contrib\OpenEXR</Filter>
    </ClCompile>
    <ClCompile Include="..\..\..\Contrib\OpenEXR\IlmBase\IlmThread\IlmThreadPosix.cpp">
      <Filter>Contrib\OpenEXR</Filter>
    </ClCompile>
    <ClCompile Include="..\..\..\Contrib\OpenEXR\IlmBase\IlmThread\IlmThreadSemaphore.cpp">
      <Filter>Contrib\OpenEXR</Filter>
    </ClCompile>
    <ClCompile Include="..\..\..\Contrib\OpenEXR\IlmBase\IlmThread\IlmThreadSemaphoreOSX.cpp">
      <Filter>Contrib\OpenEXR</Filter>
    </ClCompile>
    <ClCompile Include="..\..\..\Contrib\OpenEXR\IlmBase\IlmThread\IlmThreadSemaphorePosix.cpp">
      <Filter>Contrib\OpenEXR</Filter>
    </ClCompile>
    <ClCompile Include="..\..\..\Contrib\OpenEXR\IlmBase\IlmThread\IlmThreadSemaphorePosixCompat.cpp">
      <Filter>Contrib\OpenEXR</Filter>
    </ClCompile>
    <ClCompile Include="..\..\..\Contrib\OpenEXR\IlmBase\IlmThread\IlmThreadSemaphoreWin32.cpp">
      <Filter>Contrib\OpenEXR</Filter>
    </ClCompile>
    <ClCompile Include="..\..\..\Contrib\OpenEXR\IlmBase\IlmThread\IlmThreadWin32.cpp">
      <Filter>Contrib\OpenEXR</Filter>
    </ClCompile>
    <ClCompile Include="..\..\..\Contrib\OpenEXR\IlmImf\b44ExpLogTable.cpp">
      <Filter>Contrib\OpenEXR</Filter>
    </ClCompile>
    <ClCompile Include="..\..\..\Contrib\OpenEXR\IlmImf\dwaLookups.cpp">
      <Filter>Contrib\OpenEXR</Filter>
    </ClCompile>
    <ClCompile Include="..\..\..\Contrib\OpenEXR\IlmImf\ImfAcesFile.cpp">
      <Filter>Contrib\OpenEXR</Filter>
    </ClCompile>
    <ClCompile Include="..\..\..\Contrib\OpenEXR\IlmImf\ImfB44Compressor.cpp">
      <Filter>Contrib\OpenEXR</Filter>
    </ClCompile>
    <ClCompile Include="..\..\..\Contrib\OpenEXR\IlmImf\ImfBoxAttribute.cpp">
      <Filter>Contrib\OpenEXR</Filter>
    </ClCompile>
    <ClCompile Include="..\..\..\Contrib\OpenEXR\IlmImf\ImfChannelList.cpp">
      <Filter>Contrib\OpenEXR</Filter>
    </ClCompile>
    <ClCompile Include="..\..\..\Contrib\OpenEXR\IlmImf\ImfChannelListAttribute.cpp">
      <Filter>Contrib\OpenEXR</Filter>
    </ClCompile>
    <ClCompile Include="..\..\..\Contrib\OpenEXR\IlmImf\ImfChromaticities.cpp">
      <Filter>Contrib\OpenEXR</Filter>
    </ClCompile>
    <ClCompile Include="..\..\..\Contrib\OpenEXR\IlmImf\ImfChromaticitiesAttribute.cpp">
      <Filter>Contrib\OpenEXR</Filter>
    </ClCompile>
    <ClCompile Include="..\..\..\Contrib\OpenEXR\IlmImf\ImfCompositeDeepScanLine.cpp">
      <Filter>Contrib\OpenEXR</Filter>
    </ClCompile>
    <ClCompile Include="..\..\..\Contrib\OpenEXR\IlmImf\ImfCompressionAttribute.cpp">
      <Filter>Contrib\OpenEXR</Filter>
    </ClCompile>
    <ClCompile Include="..\..\..\Contrib\OpenEXR\IlmImf\ImfCompressor.cpp">
      <Filter>Contrib\OpenEXR</Filter>
    </ClCompile>
    <ClCompile Include="..\..\..\Contrib\OpenEXR\IlmImf\ImfConvert.cpp">
      <Filter>Contrib\OpenEXR</Filter>
    </ClCompile>
    <ClCompile Include="..\..\..\Contrib\OpenEXR\IlmImf\ImfCRgbaFile.cpp">
      <Filter>Contrib\OpenEXR</Filter>
    </ClCompile>
    <ClCompile Include="..\..\..\Contrib\OpenEXR\IlmImf\ImfDeepCompositing.cpp">
      <Filter>Contrib\OpenEXR</Filter>
    </ClCompile>
    <ClCompile Include="..\..\..\Contrib\OpenEXR\IlmImf\ImfDeepFrameBuffer.cpp">
      <Filter>Contrib\OpenEXR</Filter>
    </ClCompile>
    <ClCompile Include="..\..\..\Contrib\OpenEXR\IlmImf\ImfDeepImageStateAttribute.cpp">
      <Filter>Contrib\OpenEXR</Filter>
    </ClCompile>
    <ClCompile Include="..\..\..\Contrib\OpenEXR\IlmImf\ImfDeepScanLineInputFile.cpp">
      <Filter>Contrib\OpenEXR</Filter>
    </ClCompile>
    <ClCompile Include="..\..\..\Contrib\OpenEXR\IlmImf\ImfDeepScanLineInputPart.cpp">
      <Filter>Contrib\OpenEXR</Filter>
    </ClCompile>
    <ClCompile Include="..\..\..\Contrib\OpenEXR\IlmImf\ImfDeepScanLineOutputFile.cpp">
      <Filter>Contrib\OpenEXR</Filter>
    </ClCompile>
    <ClCompile Include="..\..\..\Contrib\OpenEXR\IlmImf\ImfDeepScanLineOutputPart.cpp">
      <Filter>Contrib\OpenEXR</Filter>
    </ClCompile>
    <ClCompile Include="..\..\..\Contrib\OpenEXR\IlmImf\ImfDeepTiledInputFile.cpp">
      <Filter>Contrib\OpenEXR</Filter>
    </ClCompile>
    <ClCompile Include="..\..\..\Contrib\OpenEXR\IlmImf\ImfDeepTiledInputPart.cpp">
      <Filter>Contrib\OpenEXR</Filter>
    </ClCompile>
    <ClCompile Include="..\..\..\Contrib\OpenEXR\IlmImf\ImfDeepTiledOutputFile.cpp">
      <Filter>Contrib\OpenEXR</Filter>
    </ClCompile>
    <ClCompile Include="..\..\..\Contrib\OpenEXR\IlmImf\ImfDeepTiledOutputPart.cpp">
      <Filter>Contrib\OpenEXR</Filter>
    </ClCompile>
    <ClCompile Include="..\..\..\Contrib\OpenEXR\IlmImf\ImfDoubleAttribute.cpp">
      <Filter>Contrib\OpenEXR</Filter>
    </ClCompile>
    <ClCompile Include="..\..\..\Contrib\OpenEXR\IlmImf\ImfDwaCompressor.cpp">
      <Filter>Contrib\OpenEXR</Filter>
    </ClCompile>
    <ClCompile Include="..\..\..\Contrib\OpenEXR\IlmImf\ImfEnvmap.cpp">
      <Filter>Contrib\OpenEXR</Filter>
    </ClCompile>
    <ClCompile Include="..\..\..\Contrib\OpenEXR\IlmImf\ImfEnvmapAttribute.cpp">
      <Filter>Contrib\OpenEXR</Filter>
    </ClCompile>
    <ClCompile Include="..\..\..\Contrib\OpenEXR\IlmImf\ImfFastHuf.cpp">
      <Filter>Contrib\OpenEXR</Filter>
    </ClCompile>
    <ClCompile Include="..\..\..\Contrib\OpenEXR\IlmImf\ImfFloatAttribute.cpp">
      <Filter>Contrib\OpenEXR</Filter>
    </ClCompile>
    <ClCompile Include="..\..\..\Contrib\OpenEXR\IlmImf\ImfFloatVectorAttribute.cpp">
      <Filter>Contrib\OpenEXR</Filter>
    </ClCompile>
    <ClCompile Include="..\..\..\Contrib\OpenEXR\IlmImf\ImfFrameBuffer.cpp">
      <Filter>Contrib\OpenEXR</Filter>
    </ClCompile>
    <ClCompile Include="..\..\..\Contrib\OpenEXR\IlmImf\ImfFramesPerSecond.cpp">
      <Filter>Contrib\OpenEXR</Filter>
    </ClCompile>
    <ClCompile Include="..\..\..\Contrib\OpenEXR\IlmImf\ImfGenericInputFile.cpp">
      <Filter>Contrib\OpenEXR</Filter>
    </ClCompile>
    <ClCompile Include="..\..\..\Contrib\OpenEXR\IlmImf\ImfGenericOutputFile.cpp">
      <Filter>Contrib\OpenEXR</Filter>
    </ClCompile>
    <ClCompile Include="..\..\..\Contrib\OpenEXR\IlmImf\ImfHuf.cpp">
      <Filter>Contrib\OpenEXR</Filter>
    </ClCompile>
    <ClCompile Include="..\..\..\Contrib\OpenEXR\IlmImf\ImfInputFile.cpp">
      <Filter>Contrib\OpenEXR</Filter>
    </ClCompile>
    <ClCompile Include="..\..\..\Contrib\OpenEXR\IlmImf\ImfInputPart.cpp">
      <Filter>Contrib\OpenEXR</Filter>
    </ClCompile>
    <ClCompile Include="..\..\..\Contrib\OpenEXR\IlmImf\ImfInputPartData.cpp">
      <Filter>Contrib\OpenEXR</Filter>
    </ClCompile>
    <ClCompile Include="..\..\..\Contrib\OpenEXR\IlmImf\ImfIntAttribute.cpp">
      <Filter>Contrib\OpenEXR</Filter>
    </ClCompile>
    <ClCompile Include="..\..\..\Contrib\OpenEXR\IlmImf\ImfIO.cpp">
      <Filter>Contrib\OpenEXR</Filter>
    </ClCompile>
    <ClCompile Include="..\..\..\Contrib\OpenEXR\IlmImf\ImfKeyCode.cpp">
      <Filter>Contrib\OpenEXR</Filter>
    </ClCompile>
    <ClCompile Include="..\..\..\Contrib\OpenEXR\IlmImf\ImfKeyCodeAttribute.cpp">
      <Filter>Contrib\OpenEXR</Filter>
    </ClCompile>
    <ClCompile Include="..\..\..\Contrib\OpenEXR\IlmImf\ImfLineOrderAttribute.cpp">
      <Filter>Contrib\OpenEXR</Filter>
    </ClCompile>
    <ClCompile Include="..\..\..\Contrib\OpenEXR\IlmImf\ImfLut.cpp">
      <Filter>Contrib\OpenEXR</Filter>
    </ClCompile>
    <ClCompile Include="..\..\..\Contrib\OpenEXR\IlmImf\ImfMatrixAttribute.cpp">
      <Filter>Contrib\OpenEXR</Filter>
    </ClCompile>
    <ClCompile Include="..\..\..\Contrib\OpenEXR\IlmImf\ImfMisc.cpp">
      <Filter>Contrib\OpenEXR</Filter>
    </ClCompile>
    <ClCompile Include="..\..\..\Contrib\OpenEXR\IlmImf\ImfMultiPartInputFile.cpp">
      <Filter>Contrib\OpenEXR</Filter>
    </ClCompile>
    <ClCompile Include="..\..\..\Contrib\OpenEXR\IlmImf\ImfMultiPartOutputFile.cpp">
      <Filter>Contrib\OpenEXR</Filter>
    </ClCompile>
    <ClCompile Include="..\..\..\Contrib\OpenEXR\IlmImf\ImfMultiView.cpp">
      <Filter>Contrib\OpenEXR</Filter>
    </ClCompile>
    <ClCompile Include="..\..\..\Contrib\OpenEXR\IlmImf\ImfOpaqueAttribute.cpp">
      <Filter>Contrib\OpenEXR</Filter>
    </ClCompile>
    <ClCompile Include="..\..\..\Contrib\OpenEXR\IlmImf\ImfOutputFile.cpp">
      <Filter>Contrib\OpenEXR</Filter>
    </ClCompile>
    <ClCompile Include="..\..\..\Contrib\OpenEXR\IlmImf\ImfOutputPart.cpp">
      <Filter>Contrib\OpenEXR</Filter>
    </ClCompile>
    <ClCompile Include="..\..\..\Contrib\OpenEXR\IlmImf\ImfOutputPartData.cpp">
      <Filter>Contrib\OpenEXR</Filter>
    </ClCompile>
    <ClCompile Include="..\..\..\Contrib\OpenEXR\IlmImf\ImfPartType.cpp">
      <Filter>Contrib\OpenEXR</Filter>
    </ClCompile>
    <ClCompile Include="..\..\..\Contrib\OpenEXR\IlmImf\ImfPizCompressor.cpp">
      <Filter>Contrib\OpenEXR</Filter>
    </ClCompile>
    <ClCompile Include="..\..\..\Contrib\OpenEXR\IlmImf\ImfPreviewImage.cpp">
      <Filter>Contrib\OpenEXR</Filter>
    </ClCompile>
    <ClCompile Include="..\..\..\Contrib\OpenEXR\IlmImf\ImfPreviewImageAttribute.cpp">
      <Filter>Contrib\OpenEXR</Filter>
    </ClCompile>
    <ClCompile Include="..\..\..\Contrib\OpenEXR\IlmImf\ImfPxr24Compressor.cpp">
      <Filter>Contrib\OpenEXR</Filter>
    </ClCompile>
    <ClCompile Include="..\..\..\Contrib\OpenEXR\IlmImf\ImfRational.cpp">
      <Filter>Contrib\OpenEXR</Filter>
    </ClCompile>
    <ClCompile Include="..\..\..\Contrib\OpenEXR\IlmImf\ImfRationalAttribute.cpp">
      <Filter>Contrib\OpenEXR</Filter>
    </ClCompile>
    <ClCompile Include="..\..\..\Contrib\OpenEXR\IlmImf\ImfRgbaFile.cpp">
      <Filter>Contrib\OpenEXR</Filter>
    </ClCompile>
    <ClCompile Include="..\..\..\Contrib\OpenEXR\IlmImf\ImfRgbaYca.cpp">
      <Filter>Contrib\OpenEXR</Filter>
    </ClCompile>
    <ClCompile Include="..\..\..\Contrib\OpenEXR\IlmImf\ImfRle.cpp">
      <Filter>Contrib\OpenEXR</Filter>
    </ClCompile>
    <ClCompile Include="..\..\..\Contrib\OpenEXR\IlmImf\ImfRleCompressor.cpp">
      <Filter>Contrib\OpenEXR</Filter>
    </ClCompile>
    <ClCompile Include="..\..\..\Contrib\OpenEXR\IlmImf\ImfScanLineInputFile.cpp">
      <Filter>Contrib\OpenEXR</Filter>
    </ClCompile>
    <ClCompile Include="..\..\..\Contrib\OpenEXR\IlmImf\ImfStandardAttributes.cpp">
      <Filter>Contrib\OpenEXR</Filter>
    </ClCompile>
    <ClCompile Include="..\..\..\Contrib\OpenEXR\IlmImf\ImfStdIO.cpp">
      <Filter>Contrib\OpenEXR</Filter>
    </ClCompile>
    <ClCompile Include="..\..\..\Contrib\OpenEXR\IlmImf\ImfStringAttribute.cpp">
      <Filter>Contrib\OpenEXR</Filter>
    </ClCompile>
    <ClCompile Include="..\..\..\Contrib\OpenEXR\IlmImf\ImfStringVectorAttribute.cpp">
      <Filter>Contrib\OpenEXR</Filter>
    </ClCompile>
    <ClCompile Include="..\..\..\Contrib\OpenEXR\IlmImf\ImfSystemSpecific.cpp">
      <Filter>Contrib\OpenEXR</Filter>
    </ClCompile>
    <ClCompile Include="..\..\..\Contrib\OpenEXR\IlmImf\ImfTestFile.cpp">
      <Filter>Contrib\OpenEXR</Filter>
    </ClCompile>
    <ClCompile Include="..\..\..\Contrib\OpenEXR\IlmImf\ImfThreading.cpp">
      <Filter>Contrib\OpenEXR</Filter>
    </ClCompile>
    <ClCompile Include="..\..\..\Contrib\OpenEXR\IlmImf\ImfTileDescriptionAttribute.cpp">
      <Filter>Contrib\OpenEXR</Filter>
    </ClCompile>
    <ClCompile Include="..\..\..\Contrib\OpenEXR\IlmImf\ImfTiledInputFile.cpp">
      <Filter>Contrib\OpenEXR</Filter>
    </ClCompile>
    <ClCompile Include="..\..\..\Contrib\OpenEXR\IlmImf\ImfTiledInputPart.cpp">
      <Filter>Contrib\OpenEXR</Filter>
    </ClCompile>
    <ClCompile Include="..\..\..\Contrib\OpenEXR\IlmImf\ImfTiledMisc.cpp">
      <Filter>Contrib\OpenEXR</Filter>
    </ClCompile>
    <ClCompile Include="..\..\..\Contrib\OpenEXR\IlmImf\ImfTiledOutputFile.cpp">
      <Filter>Contrib\OpenEXR</Filter>
    </ClCompile>
    <ClCompile Include="..\..\..\Contrib\OpenEXR\IlmImf\ImfTiledOutputPart.cpp">
      <Filter>Contrib\OpenEXR</Filter>
    </ClCompile>
    <ClCompile Include="..\..\..\Contrib\OpenEXR\IlmImf\ImfTiledRgbaFile.cpp">
      <Filter>Contrib\OpenEXR</Filter>
    </ClCompile>
    <ClCompile Include="..\..\..\Contrib\OpenEXR\IlmImf\ImfTileOffsets.cpp">
      <Filter>Contrib\OpenEXR</Filter>
    </ClCompile>
    <ClCompile Include="..\..\..\Contrib\OpenEXR\IlmImf\ImfTimeCode.cpp">
      <Filter>Contrib\OpenEXR</Filter>
    </ClCompile>
    <ClCompile Include="..\..\..\Contrib\OpenEXR\IlmImf\ImfTimeCodeAttribute.cpp">
      <Filter>Contrib\OpenEXR</Filter>
    </ClCompile>
    <ClCompile Include="..\..\..\Contrib\OpenEXR\IlmImf\ImfVecAttribute.cpp">
      <Filter>Contrib\OpenEXR</Filter>
    </ClCompile>
    <ClCompile Include="..\..\..\Contrib\OpenEXR\IlmImf\ImfVersion.cpp">
      <Filter>Contrib\OpenEXR</Filter>
    </ClCompile>
    <ClCompile Include="..\..\..\Contrib\OpenEXR\IlmImf\ImfWav.cpp">
      <Filter>Contrib\OpenEXR</Filter>
    </ClCompile>
    <ClCompile Include="..\..\..\Contrib\OpenEXR\IlmImf\ImfZip.cpp">
      <Filter>Contrib\OpenEXR</Filter>
    </ClCompile>
    <ClCompile Include="..\..\..\Contrib\OpenEXR\IlmImf\ImfZipCompressor.cpp">
      <Filter>Contrib\OpenEXR</Filter>
    </ClCompile>
    <ClCompile Include="..\..\..\Contrib\OpenEXR\IlmBase\Half\eLut.cpp">
      <Filter>Contrib\OpenEXR</Filter>
    </ClCompile>
    <ClCompile Include="..\..\..\Contrib\OpenEXR\IlmBase\Half\half.cpp">
      <Filter>Contrib\OpenEXR</Filter>
    </ClCompile>
    <ClCompile Include="..\..\..\Contrib\OpenEXR\IlmBase\Half\toFloat.cpp">
      <Filter>Contrib\OpenEXR</Filter>
    </ClCompile>
    <ClCompile Include="..\..\..\Contrib\OpenEXR\IlmBase\Iex\IexBaseExc.cpp">
      <Filter>Contrib\OpenEXR</Filter>
    </ClCompile>
    <ClCompile Include="..\..\..\Contrib\OpenEXR\IlmBase\Iex\IexThrowErrnoExc.cpp">
      <Filter>Contrib\OpenEXR</Filter>
    </ClCompile>
    <ClCompile Include="..\..\..\Contrib\OpenEXR\IlmBase\Imath\ImathColorAlgo.cpp">
      <Filter>Contrib\OpenEXR</Filter>
    </ClCompile>
    <ClCompile Include="..\..\..\Contrib\OpenEXR\IlmBase\Imath\ImathExc.cpp">
      <Filter>Contrib\OpenEXR</Filter>
    </ClCompile>
    <ClCompile Include="..\..\..\Contrib\OpenEXR\IlmBase\Imath\ImathFun.cpp">
      <Filter>Contrib\OpenEXR</Filter>
    </ClCompile>
    <ClCompile Include="..\..\..\Contrib\OpenEXR\IlmBase\Imath\ImathMatrixAlgo.cpp">
      <Filter>Contrib\OpenEXR</Filter>
    </ClCompile>
    <ClCompile Include="..\..\..\Contrib\OpenEXR\IlmBase\Imath\ImathRandom.cpp">
      <Filter>Contrib\OpenEXR</Filter>
    </ClCompile>
    <ClCompile Include="..\..\..\Contrib\OpenEXR\IlmBase\Imath\ImathVec.cpp">
      <Filter>Contrib\OpenEXR</Filter>
    </ClCompile>
    <ClCompile Include="..\Src\tImageGIF.cpp">
      <Filter>Source Files</Filter>
    </ClCompile>
  </ItemGroup>
</Project>